// !$*UTF8*$!
{
	archiveVersion = 1;
	classes = {
	};
	objectVersion = 50;
	objects = {

/* Begin PBXBuildFile section */
		0A67E6AF25C22DC600D4BFDB /* AppDelegate.swift in Sources */ = {isa = PBXBuildFile; fileRef = 0A67E6AE25C22DC600D4BFDB /* AppDelegate.swift */; };
		0A67E6B125C22DC600D4BFDB /* ContentView.swift in Sources */ = {isa = PBXBuildFile; fileRef = 0A67E6B025C22DC600D4BFDB /* ContentView.swift */; };
		0A67E6B325C22DC600D4BFDB /* Experience.rcproject in Sources */ = {isa = PBXBuildFile; fileRef = 0A67E6B225C22DC600D4BFDB /* Experience.rcproject */; };
		0A67E6B525C22DC700D4BFDB /* Assets.xcassets in Resources */ = {isa = PBXBuildFile; fileRef = 0A67E6B425C22DC700D4BFDB /* Assets.xcassets */; };
		0A67E6B825C22DC700D4BFDB /* Preview Assets.xcassets in Resources */ = {isa = PBXBuildFile; fileRef = 0A67E6B725C22DC700D4BFDB /* Preview Assets.xcassets */; };
		0A67E6BB25C22DC700D4BFDB /* LaunchScreen.storyboard in Resources */ = {isa = PBXBuildFile; fileRef = 0A67E6B925C22DC700D4BFDB /* LaunchScreen.storyboard */; };
		0AAE77DA25C232CF004A5830 /* PropChooser.swift in Sources */ = {isa = PBXBuildFile; fileRef = 0AAE77D925C232CF004A5830 /* PropChooser.swift */; };
/* End PBXBuildFile section */

/* Begin PBXFileReference section */
		0A67E6AB25C22DC600D4BFDB /* ARFunnyFace.app */ = {isa = PBXFileReference; explicitFileType = wrapper.application; includeInIndex = 0; path = ARFunnyFace.app; sourceTree = BUILT_PRODUCTS_DIR; };
		0A67E6AE25C22DC600D4BFDB /* AppDelegate.swift */ = {isa = PBXFileReference; lastKnownFileType = sourcecode.swift; path = AppDelegate.swift; sourceTree = "<group>"; };
		0A67E6B025C22DC600D4BFDB /* ContentView.swift */ = {isa = PBXFileReference; lastKnownFileType = sourcecode.swift; path = ContentView.swift; sourceTree = "<group>"; };
		0A67E6B225C22DC600D4BFDB /* Experience.rcproject */ = {isa = PBXFileReference; lastKnownFileType = file.rcproject; path = Experience.rcproject; sourceTree = "<group>"; };
		0A67E6B425C22DC700D4BFDB /* Assets.xcassets */ = {isa = PBXFileReference; lastKnownFileType = folder.assetcatalog; path = Assets.xcassets; sourceTree = "<group>"; };
		0A67E6B725C22DC700D4BFDB /* Preview Assets.xcassets */ = {isa = PBXFileReference; lastKnownFileType = folder.assetcatalog; path = "Preview Assets.xcassets"; sourceTree = "<group>"; };
		0A67E6BA25C22DC700D4BFDB /* Base */ = {isa = PBXFileReference; lastKnownFileType = file.storyboard; name = Base; path = Base.lproj/LaunchScreen.storyboard; sourceTree = "<group>"; };
		0A67E6BC25C22DC700D4BFDB /* Info.plist */ = {isa = PBXFileReference; lastKnownFileType = text.plist.xml; path = Info.plist; sourceTree = "<group>"; };
		0AAE77D925C232CF004A5830 /* PropChooser.swift */ = {isa = PBXFileReference; lastKnownFileType = sourcecode.swift; path = PropChooser.swift; sourceTree = "<group>"; };
/* End PBXFileReference section */

/* Begin PBXFrameworksBuildPhase section */
		0A67E6A825C22DC600D4BFDB /* Frameworks */ = {
			isa = PBXFrameworksBuildPhase;
			buildActionMask = 2147483647;
			files = (
			);
			runOnlyForDeploymentPostprocessing = 0;
		};
/* End PBXFrameworksBuildPhase section */

/* Begin PBXGroup section */
		0A67E6A225C22DC500D4BFDB = {
			isa = PBXGroup;
			children = (
				0A67E6AD25C22DC600D4BFDB /* ARFunnyFace */,
				0A67E6AC25C22DC600D4BFDB /* Products */,
			);
			sourceTree = "<group>";
		};
		0A67E6AC25C22DC600D4BFDB /* Products */ = {
			isa = PBXGroup;
			children = (
				0A67E6AB25C22DC600D4BFDB /* ARFunnyFace.app */,
			);
			name = Products;
			sourceTree = "<group>";
		};
		0A67E6AD25C22DC600D4BFDB /* ARFunnyFace */ = {
			isa = PBXGroup;
			children = (
				0A67E6AE25C22DC600D4BFDB /* AppDelegate.swift */,
				0A67E6B025C22DC600D4BFDB /* ContentView.swift */,
				0AAE77D925C232CF004A5830 /* PropChooser.swift */,
				0A67E6B225C22DC600D4BFDB /* Experience.rcproject */,
				0A67E6B425C22DC700D4BFDB /* Assets.xcassets */,
				0A67E6B925C22DC700D4BFDB /* LaunchScreen.storyboard */,
				0A67E6BC25C22DC700D4BFDB /* Info.plist */,
				0A67E6B625C22DC700D4BFDB /* Preview Content */,
			);
			path = ARFunnyFace;
			sourceTree = "<group>";
		};
		0A67E6B625C22DC700D4BFDB /* Preview Content */ = {
			isa = PBXGroup;
			children = (
				0A67E6B725C22DC700D4BFDB /* Preview Assets.xcassets */,
			);
			path = "Preview Content";
			sourceTree = "<group>";
		};
/* End PBXGroup section */

/* Begin PBXNativeTarget section */
		0A67E6AA25C22DC600D4BFDB /* ARFunnyFace */ = {
			isa = PBXNativeTarget;
			buildConfigurationList = 0A67E6BF25C22DC700D4BFDB /* Build configuration list for PBXNativeTarget "ARFunnyFace" */;
			buildPhases = (
				0A67E6A725C22DC600D4BFDB /* Sources */,
				0A67E6A825C22DC600D4BFDB /* Frameworks */,
				0A67E6A925C22DC600D4BFDB /* Resources */,
			);
			buildRules = (
			);
			dependencies = (
			);
			name = ARFunnyFace;
			productName = ARFunnyFace;
			productReference = 0A67E6AB25C22DC600D4BFDB /* ARFunnyFace.app */;
			productType = "com.apple.product-type.application";
		};
/* End PBXNativeTarget section */

/* Begin PBXProject section */
		0A67E6A325C22DC500D4BFDB /* Project object */ = {
			isa = PBXProject;
			attributes = {
				LastSwiftUpdateCheck = 1240;
				LastUpgradeCheck = 1240;
				TargetAttributes = {
					0A67E6AA25C22DC600D4BFDB = {
						CreatedOnToolsVersion = 12.4;
					};
				};
			};
			buildConfigurationList = 0A67E6A625C22DC500D4BFDB /* Build configuration list for PBXProject "ARFunnyFace" */;
			compatibilityVersion = "Xcode 9.3";
			developmentRegion = en;
			hasScannedForEncodings = 0;
			knownRegions = (
				en,
				Base,
			);
			mainGroup = 0A67E6A225C22DC500D4BFDB;
			productRefGroup = 0A67E6AC25C22DC600D4BFDB /* Products */;
			projectDirPath = "";
			projectRoot = "";
			targets = (
				0A67E6AA25C22DC600D4BFDB /* ARFunnyFace */,
			);
		};
/* End PBXProject section */

/* Begin PBXResourcesBuildPhase section */
		0A67E6A925C22DC600D4BFDB /* Resources */ = {
			isa = PBXResourcesBuildPhase;
			buildActionMask = 2147483647;
			files = (
				0A67E6BB25C22DC700D4BFDB /* LaunchScreen.storyboard in Resources */,
				0A67E6B825C22DC700D4BFDB /* Preview Assets.xcassets in Resources */,
				0A67E6B525C22DC700D4BFDB /* Assets.xcassets in Resources */,
			);
			runOnlyForDeploymentPostprocessing = 0;
		};
/* End PBXResourcesBuildPhase section */

/* Begin PBXSourcesBuildPhase section */
		0A67E6A725C22DC600D4BFDB /* Sources */ = {
			isa = PBXSourcesBuildPhase;
			buildActionMask = 2147483647;
			files = (
				0AAE77DA25C232CF004A5830 /* PropChooser.swift in Sources */,
				0A67E6B125C22DC600D4BFDB /* ContentView.swift in Sources */,
				0A67E6AF25C22DC600D4BFDB /* AppDelegate.swift in Sources */,
				0A67E6B325C22DC600D4BFDB /* Experience.rcproject in Sources */,
			);
			runOnlyForDeploymentPostprocessing = 0;
		};
/* End PBXSourcesBuildPhase section */

/* Begin PBXVariantGroup section */
		0A67E6B925C22DC700D4BFDB /* LaunchScreen.storyboard */ = {
			isa = PBXVariantGroup;
			children = (
				0A67E6BA25C22DC700D4BFDB /* Base */,
			);
			name = LaunchScreen.storyboard;
			sourceTree = "<group>";
		};
/* End PBXVariantGroup section */

/* Begin XCBuildConfiguration section */
		0A67E6BD25C22DC700D4BFDB /* Debug */ = {
			isa = XCBuildConfiguration;
			buildSettings = {
				ALWAYS_SEARCH_USER_PATHS = NO;
				CLANG_ANALYZER_NONNULL = YES;
				CLANG_ANALYZER_NUMBER_OBJECT_CONVERSION = YES_AGGRESSIVE;
				CLANG_CXX_LANGUAGE_STANDARD = "gnu++14";
				CLANG_CXX_LIBRARY = "libc++";
				CLANG_ENABLE_MODULES = YES;
				CLANG_ENABLE_OBJC_ARC = YES;
				CLANG_ENABLE_OBJC_WEAK = YES;
				CLANG_WARN_BLOCK_CAPTURE_AUTORELEASING = YES;
				CLANG_WARN_BOOL_CONVERSION = YES;
				CLANG_WARN_COMMA = YES;
				CLANG_WARN_CONSTANT_CONVERSION = YES;
				CLANG_WARN_DEPRECATED_OBJC_IMPLEMENTATIONS = YES;
				CLANG_WARN_DIRECT_OBJC_ISA_USAGE = YES_ERROR;
				CLANG_WARN_DOCUMENTATION_COMMENTS = YES;
				CLANG_WARN_EMPTY_BODY = YES;
				CLANG_WARN_ENUM_CONVERSION = YES;
				CLANG_WARN_INFINITE_RECURSION = YES;
				CLANG_WARN_INT_CONVERSION = YES;
				CLANG_WARN_NON_LITERAL_NULL_CONVERSION = YES;
				CLANG_WARN_OBJC_IMPLICIT_RETAIN_SELF = YES;
				CLANG_WARN_OBJC_LITERAL_CONVERSION = YES;
				CLANG_WARN_OBJC_ROOT_CLASS = YES_ERROR;
				CLANG_WARN_QUOTED_INCLUDE_IN_FRAMEWORK_HEADER = YES;
				CLANG_WARN_RANGE_LOOP_ANALYSIS = YES;
				CLANG_WARN_STRICT_PROTOTYPES = YES;
				CLANG_WARN_SUSPICIOUS_MOVE = YES;
				CLANG_WARN_UNGUARDED_AVAILABILITY = YES_AGGRESSIVE;
				CLANG_WARN_UNREACHABLE_CODE = YES;
				CLANG_WARN__DUPLICATE_METHOD_MATCH = YES;
				COPY_PHASE_STRIP = NO;
				DEBUG_INFORMATION_FORMAT = dwarf;
				ENABLE_STRICT_OBJC_MSGSEND = YES;
				ENABLE_TESTABILITY = YES;
				GCC_C_LANGUAGE_STANDARD = gnu11;
				GCC_DYNAMIC_NO_PIC = NO;
				GCC_NO_COMMON_BLOCKS = YES;
				GCC_OPTIMIZATION_LEVEL = 0;
				GCC_PREPROCESSOR_DEFINITIONS = (
					"DEBUG=1",
					"$(inherited)",
				);
				GCC_WARN_64_TO_32_BIT_CONVERSION = YES;
				GCC_WARN_ABOUT_RETURN_TYPE = YES_ERROR;
				GCC_WARN_UNDECLARED_SELECTOR = YES;
				GCC_WARN_UNINITIALIZED_AUTOS = YES_AGGRESSIVE;
				GCC_WARN_UNUSED_FUNCTION = YES;
				GCC_WARN_UNUSED_VARIABLE = YES;
				IPHONEOS_DEPLOYMENT_TARGET = 14.4;
				MTL_ENABLE_DEBUG_INFO = INCLUDE_SOURCE;
				MTL_FAST_MATH = YES;
				ONLY_ACTIVE_ARCH = YES;
				SDKROOT = iphoneos;
				SWIFT_ACTIVE_COMPILATION_CONDITIONS = DEBUG;
				SWIFT_OPTIMIZATION_LEVEL = "-Onone";
			};
			name = Debug;
		};
		0A67E6BE25C22DC700D4BFDB /* Release */ = {
			isa = XCBuildConfiguration;
			buildSettings = {
				ALWAYS_SEARCH_USER_PATHS = NO;
				CLANG_ANALYZER_NONNULL = YES;
				CLANG_ANALYZER_NUMBER_OBJECT_CONVERSION = YES_AGGRESSIVE;
				CLANG_CXX_LANGUAGE_STANDARD = "gnu++14";
				CLANG_CXX_LIBRARY = "libc++";
				CLANG_ENABLE_MODULES = YES;
				CLANG_ENABLE_OBJC_ARC = YES;
				CLANG_ENABLE_OBJC_WEAK = YES;
				CLANG_WARN_BLOCK_CAPTURE_AUTORELEASING = YES;
				CLANG_WARN_BOOL_CONVERSION = YES;
				CLANG_WARN_COMMA = YES;
				CLANG_WARN_CONSTANT_CONVERSION = YES;
				CLANG_WARN_DEPRECATED_OBJC_IMPLEMENTATIONS = YES;
				CLANG_WARN_DIRECT_OBJC_ISA_USAGE = YES_ERROR;
				CLANG_WARN_DOCUMENTATION_COMMENTS = YES;
				CLANG_WARN_EMPTY_BODY = YES;
				CLANG_WARN_ENUM_CONVERSION = YES;
				CLANG_WARN_INFINITE_RECURSION = YES;
				CLANG_WARN_INT_CONVERSION = YES;
				CLANG_WARN_NON_LITERAL_NULL_CONVERSION = YES;
				CLANG_WARN_OBJC_IMPLICIT_RETAIN_SELF = YES;
				CLANG_WARN_OBJC_LITERAL_CONVERSION = YES;
				CLANG_WARN_OBJC_ROOT_CLASS = YES_ERROR;
				CLANG_WARN_QUOTED_INCLUDE_IN_FRAMEWORK_HEADER = YES;
				CLANG_WARN_RANGE_LOOP_ANALYSIS = YES;
				CLANG_WARN_STRICT_PROTOTYPES = YES;
				CLANG_WARN_SUSPICIOUS_MOVE = YES;
				CLANG_WARN_UNGUARDED_AVAILABILITY = YES_AGGRESSIVE;
				CLANG_WARN_UNREACHABLE_CODE = YES;
				CLANG_WARN__DUPLICATE_METHOD_MATCH = YES;
				COPY_PHASE_STRIP = NO;
				DEBUG_INFORMATION_FORMAT = "dwarf-with-dsym";
				ENABLE_NS_ASSERTIONS = NO;
				ENABLE_STRICT_OBJC_MSGSEND = YES;
				GCC_C_LANGUAGE_STANDARD = gnu11;
				GCC_NO_COMMON_BLOCKS = YES;
				GCC_WARN_64_TO_32_BIT_CONVERSION = YES;
				GCC_WARN_ABOUT_RETURN_TYPE = YES_ERROR;
				GCC_WARN_UNDECLARED_SELECTOR = YES;
				GCC_WARN_UNINITIALIZED_AUTOS = YES_AGGRESSIVE;
				GCC_WARN_UNUSED_FUNCTION = YES;
				GCC_WARN_UNUSED_VARIABLE = YES;
				IPHONEOS_DEPLOYMENT_TARGET = 14.4;
				MTL_ENABLE_DEBUG_INFO = NO;
				MTL_FAST_MATH = YES;
				SDKROOT = iphoneos;
				SWIFT_COMPILATION_MODE = wholemodule;
				SWIFT_OPTIMIZATION_LEVEL = "-O";
				VALIDATE_PRODUCT = YES;
			};
			name = Release;
		};
		0A67E6C025C22DC700D4BFDB /* Debug */ = {
			isa = XCBuildConfiguration;
			buildSettings = {
				ASSETCATALOG_COMPILER_APPICON_NAME = AppIcon;
				ASSETCATALOG_COMPILER_GLOBAL_ACCENT_COLOR_NAME = AccentColor;
				CODE_SIGN_STYLE = Automatic;
				DEVELOPMENT_ASSET_PATHS = "\"ARFunnyFace/Preview Content\"";
				DEVELOPMENT_TEAM = "";
				ENABLE_PREVIEWS = YES;
				INFOPLIST_FILE = ARFunnyFace/Info.plist;
				LD_RUNPATH_SEARCH_PATHS = (
					"$(inherited)",
					"@executable_path/Frameworks",
				);
				PRODUCT_BUNDLE_IDENTIFIER = com.raywenderlich.ARFunnyFace;
				PRODUCT_NAME = "$(TARGET_NAME)";
				SWIFT_VERSION = 5.0;
				TARGETED_DEVICE_FAMILY = "1,2";
			};
			name = Debug;
		};
		0A67E6C125C22DC700D4BFDB /* Release */ = {
			isa = XCBuildConfiguration;
			buildSettings = {
				ASSETCATALOG_COMPILER_APPICON_NAME = AppIcon;
				ASSETCATALOG_COMPILER_GLOBAL_ACCENT_COLOR_NAME = AccentColor;
				CODE_SIGN_STYLE = Automatic;
				DEVELOPMENT_ASSET_PATHS = "\"ARFunnyFace/Preview Content\"";
				DEVELOPMENT_TEAM = "";
				ENABLE_PREVIEWS = YES;
				INFOPLIST_FILE = ARFunnyFace/Info.plist;
				LD_RUNPATH_SEARCH_PATHS = (
					"$(inherited)",
					"@executable_path/Frameworks",
				);
				PRODUCT_BUNDLE_IDENTIFIER = com.raywenderlich.ARFunnyFace;
				PRODUCT_NAME = "$(TARGET_NAME)";
				SWIFT_VERSION = 5.0;
				TARGETED_DEVICE_FAMILY = "1,2";
			};
			name = Release;
		};
/* End XCBuildConfiguration section */

/* Begin XCConfigurationList section */
		0A67E6A625C22DC500D4BFDB /* Build configuration list for PBXProject "ARFunnyFace" */ = {
			isa = XCConfigurationList;
			buildConfigurations = (
				0A67E6BD25C22DC700D4BFDB /* Debug */,
				0A67E6BE25C22DC700D4BFDB /* Release */,
			);
			defaultConfigurationIsVisible = 0;
			defaultConfigurationName = Release;
		};
		0A67E6BF25C22DC700D4BFDB /* Build configuration list for PBXNativeTarget "ARFunnyFace" */ = {
			isa = XCConfigurationList;
			buildConfigurations = (
				0A67E6C025C22DC700D4BFDB /* Debug */,
				0A67E6C125C22DC700D4BFDB /* Release */,
			);
			defaultConfigurationIsVisible = 0;
			defaultConfigurationName = Release;
		};
/* End XCConfigurationList section */
	};
	rootObject = 0A67E6A325C22DC500D4BFDB /* Project object */;
}
